
Microsoft Visual Studio Solution File, Format Version 12.00
# Visual Studio Version 17
VisualStudioVersion = 17.5.33530.505
MinimumVisualStudioVersion = 10.0.40219.1
Project("{9A19103F-16F7-4668-BE54-9A1E7A4F7556}") = "pt-AB-Demo1-TEST", "pt-AB-Demo1-TEST.csproj", "{57BF131D-095E-487D-A0E5-1AEAD1B7B441}"
EndProject
Global
	GlobalSection(SolutionConfigurationPlatforms) = preSolution
		Debug|Any CPU = Debug|Any CPU
		Release|Any CPU = Release|Any CPU
	EndGlobalSection
	GlobalSection(ProjectConfigurationPlatforms) = postSolution
		{57BF131D-095E-487D-A0E5-1AEAD1B7B441}.Debug|Any CPU.ActiveCfg = Debug|Any CPU
		{57BF131D-095E-487D-A0E5-1AEAD1B7B441}.Debug|Any CPU.Build.0 = Debug|Any CPU
		{57BF131D-095E-487D-A0E5-1AEAD1B7B441}.Release|Any CPU.ActiveCfg = Release|Any CPU
		{57BF131D-095E-487D-A0E5-1AEAD1B7B441}.Release|Any CPU.Build.0 = Release|Any CPU
	EndGlobalSection
	GlobalSection(SolutionProperties) = preSolution
		HideSolutionNode = FALSE
	EndGlobalSection
	GlobalSection(ExtensibilityGlobals) = postSolution
		SolutionGuid = {0BAB3473-BC5E-4230-A477-FDD714F10A36}
	EndGlobalSection
EndGlobal
